
Microsoft Visual Studio Solution File, Format Version 12.00
# Visual Studio Version 17
VisualStudioVersion = 17.7.34003.232
MinimumVisualStudioVersion = 10.0.40219.1
Project("{FAE04EC0-301F-11D3-BF4B-00C04F79EFBC}") = "Habr_Stepik_Course", "Habr_Stepik_Course\Habr_Stepik_Course.csproj", "{FA0B193B-E517-46A9-825E-AA1879055362}"
EndProject
Global
	GlobalSection(SolutionConfigurationPlatforms) = preSolution
		Debug|Any CPU = Debug|Any CPU
		Release|Any CPU = Release|Any CPU
	EndGlobalSection
	GlobalSection(ProjectConfigurationPlatforms) = postSolution
		{FA0B193B-E517-46A9-825E-AA1879055362}.Debug|Any CPU.ActiveCfg = Debug|Any CPU
		{FA0B193B-E517-46A9-825E-AA1879055362}.Debug|Any CPU.Build.0 = Debug|Any CPU
		{FA0B193B-E517-46A9-825E-AA1879055362}.Release|Any CPU.ActiveCfg = Release|Any CPU
		{FA0B193B-E517-46A9-825E-AA1879055362}.Release|Any CPU.Build.0 = Release|Any CPU
	EndGlobalSection
	GlobalSection(SolutionProperties) = preSolution
		HideSolutionNode = FALSE
	EndGlobalSection
	GlobalSection(ExtensibilityGlobals) = postSolution
		SolutionGuid = {45B265AD-2690-4186-B633-FB2232CABEBF}
	EndGlobalSection
EndGlobal
